
Microsoft Visual Studio Solution File, Format Version 12.00
# Visual Studio 2012
Project("{FAE04EC0-301F-11D3-BF4B-00C04F79EFBC}") = "Journey.Web", "Journey.Web\Journey.Web.csproj", "{D575FA7C-7749-47E9-99A4-5DDA16BA8059}"
EndProject
Project("{FAE04EC0-301F-11D3-BF4B-00C04F79EFBC}") = "Journey.Entities", "Journey.Entities\Journey.Entities.csproj", "{3C64702C-E287-4B60-AB61-384D7D8A3728}"
EndProject
Project("{FAE04EC0-301F-11D3-BF4B-00C04F79EFBC}") = "Journey.Service", "Journey.Service\Journey.Service.csproj", "{E8BB0DB5-876C-4289-BD33-28CA0E430F76}"
EndProject
Global
	GlobalSection(SolutionConfigurationPlatforms) = preSolution
		Debug|Any CPU = Debug|Any CPU
		Release|Any CPU = Release|Any CPU
	EndGlobalSection
	GlobalSection(ProjectConfigurationPlatforms) = postSolution
		{D575FA7C-7749-47E9-99A4-5DDA16BA8059}.Debug|Any CPU.ActiveCfg = Debug|Any CPU
		{D575FA7C-7749-47E9-99A4-5DDA16BA8059}.Debug|Any CPU.Build.0 = Debug|Any CPU
		{D575FA7C-7749-47E9-99A4-5DDA16BA8059}.Release|Any CPU.ActiveCfg = Release|Any CPU
		{D575FA7C-7749-47E9-99A4-5DDA16BA8059}.Release|Any CPU.Build.0 = Release|Any CPU
		{3C64702C-E287-4B60-AB61-384D7D8A3728}.Debug|Any CPU.ActiveCfg = Debug|Any CPU
		{3C64702C-E287-4B60-AB61-384D7D8A3728}.Debug|Any CPU.Build.0 = Debug|Any CPU
		{3C64702C-E287-4B60-AB61-384D7D8A3728}.Release|Any CPU.ActiveCfg = Release|Any CPU
		{3C64702C-E287-4B60-AB61-384D7D8A3728}.Release|Any CPU.Build.0 = Release|Any CPU
		{E8BB0DB5-876C-4289-BD33-28CA0E430F76}.Debug|Any CPU.ActiveCfg = Debug|Any CPU
		{E8BB0DB5-876C-4289-BD33-28CA0E430F76}.Debug|Any CPU.Build.0 = Debug|Any CPU
		{E8BB0DB5-876C-4289-BD33-28CA0E430F76}.Release|Any CPU.ActiveCfg = Release|Any CPU
		{E8BB0DB5-876C-4289-BD33-28CA0E430F76}.Release|Any CPU.Build.0 = Release|Any CPU
	EndGlobalSection
	GlobalSection(SolutionProperties) = preSolution
		HideSolutionNode = FALSE
	EndGlobalSection
EndGlobal
